// !$*UTF8*$!
{
	archiveVersion = 1;
	classes = {
	};
	objectVersion = 46;
	objects = {

/* Begin PBXBuildFile section */
		E8A3B0EA1BC67278002F22AB /* Spiderman.swift in Sources */ = {isa = PBXBuildFile; fileRef = E8A3B0E91BC67278002F22AB /* Spiderman.swift */; settings = {ASSET_TAGS = (); }; };
		E8A3B0EC1BC6AB05002F22AB /* Superman.swift in Sources */ = {isa = PBXBuildFile; fileRef = E8A3B0EB1BC6AB05002F22AB /* Superman.swift */; settings = {ASSET_TAGS = (); }; };
		E8DA05331BC57D4200A518F8 /* ArenaViewController.swift in Sources */ = {isa = PBXBuildFile; fileRef = E8DA05321BC57D4200A518F8 /* ArenaViewController.swift */; settings = {ASSET_TAGS = (); }; };
		E8DCA5FB1BC548330072E9AF /* AppDelegate.swift in Sources */ = {isa = PBXBuildFile; fileRef = E8DCA5FA1BC548330072E9AF /* AppDelegate.swift */; };
		E8DCA6001BC548330072E9AF /* Main.storyboard in Resources */ = {isa = PBXBuildFile; fileRef = E8DCA5FE1BC548330072E9AF /* Main.storyboard */; };
		E8DCA6021BC548340072E9AF /* Assets.xcassets in Resources */ = {isa = PBXBuildFile; fileRef = E8DCA6011BC548340072E9AF /* Assets.xcassets */; };
		E8DCA6051BC548340072E9AF /* LaunchScreen.storyboard in Resources */ = {isa = PBXBuildFile; fileRef = E8DCA6031BC548340072E9AF /* LaunchScreen.storyboard */; };
		E8DCA6101BC5499E0072E9AF /* Hero.swift in Sources */ = {isa = PBXBuildFile; fileRef = E8DCA60F1BC5499D0072E9AF /* Hero.swift */; settings = {ASSET_TAGS = (); }; };
		E8DCA6121BC561270072E9AF /* Batman.swift in Sources */ = {isa = PBXBuildFile; fileRef = E8DCA6111BC561270072E9AF /* Batman.swift */; settings = {ASSET_TAGS = (); }; };
		E8DCA6141BC571780072E9AF /* Arena.swift in Sources */ = {isa = PBXBuildFile; fileRef = E8DCA6131BC571780072E9AF /* Arena.swift */; settings = {ASSET_TAGS = (); }; };
/* End PBXBuildFile section */

/* Begin PBXFileReference section */
		E8A3B0E91BC67278002F22AB /* Spiderman.swift */ = {isa = PBXFileReference; fileEncoding = 4; lastKnownFileType = sourcecode.swift; path = Spiderman.swift; sourceTree = "<group>"; };
		E8A3B0EB1BC6AB05002F22AB /* Superman.swift */ = {isa = PBXFileReference; fileEncoding = 4; lastKnownFileType = sourcecode.swift; path = Superman.swift; sourceTree = "<group>"; };
		E8DA05321BC57D4200A518F8 /* ArenaViewController.swift */ = {isa = PBXFileReference; fileEncoding = 4; lastKnownFileType = sourcecode.swift; path = ArenaViewController.swift; sourceTree = "<group>"; };
		E8DCA5F71BC548330072E9AF /* BattleHeroes.app */ = {isa = PBXFileReference; explicitFileType = wrapper.application; includeInIndex = 0; path = BattleHeroes.app; sourceTree = BUILT_PRODUCTS_DIR; };
		E8DCA5FA1BC548330072E9AF /* AppDelegate.swift */ = {isa = PBXFileReference; lastKnownFileType = sourcecode.swift; path = AppDelegate.swift; sourceTree = "<group>"; };
		E8DCA5FF1BC548330072E9AF /* Base */ = {isa = PBXFileReference; lastKnownFileType = file.storyboard; name = Base; path = Base.lproj/Main.storyboard; sourceTree = "<group>"; };
		E8DCA6011BC548340072E9AF /* Assets.xcassets */ = {isa = PBXFileReference; lastKnownFileType = folder.assetcatalog; path = Assets.xcassets; sourceTree = "<group>"; };
		E8DCA6041BC548340072E9AF /* Base */ = {isa = PBXFileReference; lastKnownFileType = file.storyboard; name = Base; path = Base.lproj/LaunchScreen.storyboard; sourceTree = "<group>"; };
		E8DCA6061BC548340072E9AF /* Info.plist */ = {isa = PBXFileReference; lastKnownFileType = text.plist.xml; path = Info.plist; sourceTree = "<group>"; };
		E8DCA60F1BC5499D0072E9AF /* Hero.swift */ = {isa = PBXFileReference; fileEncoding = 4; lastKnownFileType = sourcecode.swift; path = Hero.swift; sourceTree = "<group>"; };
		E8DCA6111BC561270072E9AF /* Batman.swift */ = {isa = PBXFileReference; fileEncoding = 4; lastKnownFileType = sourcecode.swift; path = Batman.swift; sourceTree = "<group>"; };
		E8DCA6131BC571780072E9AF /* Arena.swift */ = {isa = PBXFileReference; fileEncoding = 4; lastKnownFileType = sourcecode.swift; path = Arena.swift; sourceTree = "<group>"; };
/* End PBXFileReference section */

/* Begin PBXFrameworksBuildPhase section */
		E8DCA5F41BC548330072E9AF /* Frameworks */ = {
			isa = PBXFrameworksBuildPhase;
			buildActionMask = 2147483647;
			files = (
			);
			runOnlyForDeploymentPostprocessing = 0;
		};
/* End PBXFrameworksBuildPhase section */

/* Begin PBXGroup section */
		E8DCA5EE1BC548330072E9AF = {
			isa = PBXGroup;
			children = (
				E8DCA5F91BC548330072E9AF /* BattleHeroes */,
				E8DCA5F81BC548330072E9AF /* Products */,
			);
			sourceTree = "<group>";
		};
		E8DCA5F81BC548330072E9AF /* Products */ = {
			isa = PBXGroup;
			children = (
				E8DCA5F71BC548330072E9AF /* BattleHeroes.app */,
			);
			name = Products;
			sourceTree = "<group>";
		};
		E8DCA5F91BC548330072E9AF /* BattleHeroes */ = {
			isa = PBXGroup;
			children = (
				E8DCA60E1BC549880072E9AF /* Model */,
				E8DCA5FA1BC548330072E9AF /* AppDelegate.swift */,
				E8DA05321BC57D4200A518F8 /* ArenaViewController.swift */,
				E8DCA5FE1BC548330072E9AF /* Main.storyboard */,
				E8DCA6011BC548340072E9AF /* Assets.xcassets */,
				E8DCA6031BC548340072E9AF /* LaunchScreen.storyboard */,
				E8DCA6061BC548340072E9AF /* Info.plist */,
			);
			path = BattleHeroes;
			sourceTree = "<group>";
		};
		E8DCA60E1BC549880072E9AF /* Model */ = {
			isa = PBXGroup;
			children = (
				E8DCA60F1BC5499D0072E9AF /* Hero.swift */,
				E8DCA6111BC561270072E9AF /* Batman.swift */,
				E8A3B0E91BC67278002F22AB /* Spiderman.swift */,
				E8A3B0EB1BC6AB05002F22AB /* Superman.swift */,
				E8DCA6131BC571780072E9AF /* Arena.swift */,
			);
			name = Model;
			sourceTree = "<group>";
		};
/* End PBXGroup section */

/* Begin PBXNativeTarget section */
		E8DCA5F61BC548330072E9AF /* BattleHeroes */ = {
			isa = PBXNativeTarget;
			buildConfigurationList = E8DCA6091BC548340072E9AF /* Build configuration list for PBXNativeTarget "BattleHeroes" */;
			buildPhases = (
				E8DCA5F31BC548330072E9AF /* Sources */,
				E8DCA5F41BC548330072E9AF /* Frameworks */,
				E8DCA5F51BC548330072E9AF /* Resources */,
			);
			buildRules = (
			);
			dependencies = (
			);
			name = BattleHeroes;
			productName = BattleHeroes;
			productReference = E8DCA5F71BC548330072E9AF /* BattleHeroes.app */;
			productType = "com.apple.product-type.application";
		};
/* End PBXNativeTarget section */

/* Begin PBXProject section */
		E8DCA5EF1BC548330072E9AF /* Project object */ = {
			isa = PBXProject;
			attributes = {
				LastUpgradeCheck = 0700;
				ORGANIZATIONNAME = "Vitaliy Delidov";
				TargetAttributes = {
					E8DCA5F61BC548330072E9AF = {
						CreatedOnToolsVersion = 7.0.1;
						DevelopmentTeam = 79E75HSXYN;
					};
				};
			};
			buildConfigurationList = E8DCA5F21BC548330072E9AF /* Build configuration list for PBXProject "BattleHeroes" */;
			compatibilityVersion = "Xcode 3.2";
			developmentRegion = English;
			hasScannedForEncodings = 0;
			knownRegions = (
				en,
				Base,
			);
			mainGroup = E8DCA5EE1BC548330072E9AF;
			productRefGroup = E8DCA5F81BC548330072E9AF /* Products */;
			projectDirPath = "";
			projectRoot = "";
			targets = (
				E8DCA5F61BC548330072E9AF /* BattleHeroes */,
			);
		};
/* End PBXProject section */

/* Begin PBXResourcesBuildPhase section */
		E8DCA5F51BC548330072E9AF /* Resources */ = {
			isa = PBXResourcesBuildPhase;
			buildActionMask = 2147483647;
			files = (
				E8DCA6051BC548340072E9AF /* LaunchScreen.storyboard in Resources */,
				E8DCA6021BC548340072E9AF /* Assets.xcassets in Resources */,
				E8DCA6001BC548330072E9AF /* Main.storyboard in Resources */,
			);
			runOnlyForDeploymentPostprocessing = 0;
		};
/* End PBXResourcesBuildPhase section */

/* Begin PBXSourcesBuildPhase section */
		E8DCA5F31BC548330072E9AF /* Sources */ = {
			isa = PBXSourcesBuildPhase;
			buildActionMask = 2147483647;
			files = (
				E8DA05331BC57D4200A518F8 /* ArenaViewController.swift in Sources */,
				E8DCA5FB1BC548330072E9AF /* AppDelegate.swift in Sources */,
				E8DCA6141BC571780072E9AF /* Arena.swift in Sources */,
				E8A3B0EC1BC6AB05002F22AB /* Superman.swift in Sources */,
				E8DCA6121BC561270072E9AF /* Batman.swift in Sources */,
				E8DCA6101BC5499E0072E9AF /* Hero.swift in Sources */,
				E8A3B0EA1BC67278002F22AB /* Spiderman.swift in Sources */,
			);
			runOnlyForDeploymentPostprocessing = 0;
		};
/* End PBXSourcesBuildPhase section */

/* Begin PBXVariantGroup section */
		E8DCA5FE1BC548330072E9AF /* Main.storyboard */ = {
			isa = PBXVariantGroup;
			children = (
				E8DCA5FF1BC548330072E9AF /* Base */,
			);
			name = Main.storyboard;
			sourceTree = "<group>";
		};
		E8DCA6031BC548340072E9AF /* LaunchScreen.storyboard */ = {
			isa = PBXVariantGroup;
			children = (
				E8DCA6041BC548340072E9AF /* Base */,
			);
			name = LaunchScreen.storyboard;
			sourceTree = "<group>";
		};
/* End PBXVariantGroup section */

/* Begin XCBuildConfiguration section */
		E8DCA6071BC548340072E9AF /* Debug */ = {
			isa = XCBuildConfiguration;
			buildSettings = {
				ALWAYS_SEARCH_USER_PATHS = NO;
				CLANG_CXX_LANGUAGE_STANDARD = "gnu++0x";
				CLANG_CXX_LIBRARY = "libc++";
				CLANG_ENABLE_MODULES = YES;
				CLANG_ENABLE_OBJC_ARC = YES;
				CLANG_WARN_BOOL_CONVERSION = YES;
				CLANG_WARN_CONSTANT_CONVERSION = YES;
				CLANG_WARN_DIRECT_OBJC_ISA_USAGE = YES_ERROR;
				CLANG_WARN_EMPTY_BODY = YES;
				CLANG_WARN_ENUM_CONVERSION = YES;
				CLANG_WARN_INT_CONVERSION = YES;
				CLANG_WARN_OBJC_ROOT_CLASS = YES_ERROR;
				CLANG_WARN_UNREACHABLE_CODE = YES;
				CLANG_WARN__DUPLICATE_METHOD_MATCH = YES;
				"CODE_SIGN_IDENTITY[sdk=iphoneos*]" = "iPhone Developer";
				COPY_PHASE_STRIP = NO;
				DEBUG_INFORMATION_FORMAT = dwarf;
				ENABLE_STRICT_OBJC_MSGSEND = YES;
				ENABLE_TESTABILITY = YES;
				GCC_C_LANGUAGE_STANDARD = gnu99;
				GCC_DYNAMIC_NO_PIC = NO;
				GCC_NO_COMMON_BLOCKS = YES;
				GCC_OPTIMIZATION_LEVEL = 0;
				GCC_PREPROCESSOR_DEFINITIONS = (
					"DEBUG=1",
					"$(inherited)",
				);
				GCC_WARN_64_TO_32_BIT_CONVERSION = YES;
				GCC_WARN_ABOUT_RETURN_TYPE = YES_ERROR;
				GCC_WARN_UNDECLARED_SELECTOR = YES;
				GCC_WARN_UNINITIALIZED_AUTOS = YES_AGGRESSIVE;
				GCC_WARN_UNUSED_FUNCTION = YES;
				GCC_WARN_UNUSED_VARIABLE = YES;
				IPHONEOS_DEPLOYMENT_TARGET = 9.0;
				MTL_ENABLE_DEBUG_INFO = YES;
				ONLY_ACTIVE_ARCH = YES;
				SDKROOT = iphoneos;
				SWIFT_OPTIMIZATION_LEVEL = "-Onone";
			};
			name = Debug;
		};
		E8DCA6081BC548340072E9AF /* Release */ = {
			isa = XCBuildConfiguration;
			buildSettings = {
				ALWAYS_SEARCH_USER_PATHS = NO;
				CLANG_CXX_LANGUAGE_STANDARD = "gnu++0x";
				CLANG_CXX_LIBRARY = "libc++";
				CLANG_ENABLE_MODULES = YES;
				CLANG_ENABLE_OBJC_ARC = YES;
				CLANG_WARN_BOOL_CONVERSION = YES;
				CLANG_WARN_CONSTANT_CONVERSION = YES;
				CLANG_WARN_DIRECT_OBJC_ISA_USAGE = YES_ERROR;
				CLANG_WARN_EMPTY_BODY = YES;
				CLANG_WARN_ENUM_CONVERSION = YES;
				CLANG_WARN_INT_CONVERSION = YES;
				CLANG_WARN_OBJC_ROOT_CLASS = YES_ERROR;
				CLANG_WARN_UNREACHABLE_CODE = YES;
				CLANG_WARN__DUPLICATE_METHOD_MATCH = YES;
				"CODE_SIGN_IDENTITY[sdk=iphoneos*]" = "iPhone Developer";
				COPY_PHASE_STRIP = NO;
				DEBUG_INFORMATION_FORMAT = "dwarf-with-dsym";
				ENABLE_NS_ASSERTIONS = NO;
				ENABLE_STRICT_OBJC_MSGSEND = YES;
				GCC_C_LANGUAGE_STANDARD = gnu99;
				GCC_NO_COMMON_BLOCKS = YES;
				GCC_WARN_64_TO_32_BIT_CONVERSION = YES;
				GCC_WARN_ABOUT_RETURN_TYPE = YES_ERROR;
				GCC_WARN_UNDECLARED_SELECTOR = YES;
				GCC_WARN_UNINITIALIZED_AUTOS = YES_AGGRESSIVE;
				GCC_WARN_UNUSED_FUNCTION = YES;
				GCC_WARN_UNUSED_VARIABLE = YES;
				IPHONEOS_DEPLOYMENT_TARGET = 9.0;
				MTL_ENABLE_DEBUG_INFO = NO;
				SDKROOT = iphoneos;
				VALIDATE_PRODUCT = YES;
			};
			name = Release;
		};
		E8DCA60A1BC548340072E9AF /* Debug */ = {
			isa = XCBuildConfiguration;
			buildSettings = {
				ASSETCATALOG_COMPILER_APPICON_NAME = AppIcon;
				INFOPLIST_FILE = BattleHeroes/Info.plist;
				LD_RUNPATH_SEARCH_PATHS = "$(inherited) @executable_path/Frameworks";
				PRODUCT_BUNDLE_IDENTIFIER = com.vitaliydelidov.BattleHeroes;
				PRODUCT_NAME = "$(TARGET_NAME)";
			};
			name = Debug;
		};
		E8DCA60B1BC548340072E9AF /* Release */ = {
			isa = XCBuildConfiguration;
			buildSettings = {
				ASSETCATALOG_COMPILER_APPICON_NAME = AppIcon;
				INFOPLIST_FILE = BattleHeroes/Info.plist;
				LD_RUNPATH_SEARCH_PATHS = "$(inherited) @executable_path/Frameworks";
				PRODUCT_BUNDLE_IDENTIFIER = com.vitaliydelidov.BattleHeroes;
				PRODUCT_NAME = "$(TARGET_NAME)";
			};
			name = Release;
		};
/* End XCBuildConfiguration section */

/* Begin XCConfigurationList section */
		E8DCA5F21BC548330072E9AF /* Build configuration list for PBXProject "BattleHeroes" */ = {
			isa = XCConfigurationList;
			buildConfigurations = (
				E8DCA6071BC548340072E9AF /* Debug */,
				E8DCA6081BC548340072E9AF /* Release */,
			);
			defaultConfigurationIsVisible = 0;
			defaultConfigurationName = Release;
		};
		E8DCA6091BC548340072E9AF /* Build configuration list for PBXNativeTarget "BattleHeroes" */ = {
			isa = XCConfigurationList;
			buildConfigurations = (
				E8DCA60A1BC548340072E9AF /* Debug */,
				E8DCA60B1BC548340072E9AF /* Release */,
			);
			defaultConfigurationIsVisible = 0;
			defaultConfigurationName = Release;
		};
/* End XCConfigurationList section */
	};
	rootObject = E8DCA5EF1BC548330072E9AF /* Project object */;
}
